
Microsoft Visual Studio Solution File, Format Version 12.00
# Visual Studio Version 17
VisualStudioVersion = 17.9.34607.119
MinimumVisualStudioVersion = 10.0.40219.1
Project("{FAE04EC0-301F-11D3-BF4B-00C04F79EFBC}") = "01_MainSubjects", "01_MainSubjects\01_MainSubjects.csproj", "{2957C78D-B473-404D-B26C-626C3DF30582}"
EndProject
Project("{FAE04EC0-301F-11D3-BF4B-00C04F79EFBC}") = "02_Variables", "02_Variables\02_Variables.csproj", "{A1860691-1E58-4409-AE76-C82C89AFF6F6}"
EndProject
Project("{FAE04EC0-301F-11D3-BF4B-00C04F79EFBC}") = "03_MakingDecision", "03_MakingDecision\03_MakingDecision.csproj", "{9CB81D4D-A9E3-4FFB-A8AA-1D5A7897D6C8}"
EndProject
Project("{FAE04EC0-301F-11D3-BF4B-00C04F79EFBC}") = "04_Loops", "04_Loops\04_Loops.csproj", "{07F426F4-788B-47DB-8AB5-43E75336C342}"
EndProject
Project("{FAE04EC0-301F-11D3-BF4B-00C04F79EFBC}") = "05_LoopsWithStars", "05_LoopsWithStars\05_LoopsWithStars.csproj", "{1378800E-C613-4BAF-BD0C-3D0B4EB39CC8}"
EndProject
Project("{FAE04EC0-301F-11D3-BF4B-00C04F79EFBC}") = "06_Arrays", "06_Arrays\06_Arrays.csproj", "{CA945F06-5CBD-4358-BD45-71AEB5036053}"
EndProject
Project("{FAE04EC0-301F-11D3-BF4B-00C04F79EFBC}") = "07_ForeachLoop", "07_ForeachLoop\07_ForeachLoop.csproj", "{64D756FB-E2D0-477B-A9FF-AA310D21C473}"
EndProject
Project("{FAE04EC0-301F-11D3-BF4B-00C04F79EFBC}") = "08_Methods", "08_Methods\08_Methods.csproj", "{A588B351-64BC-45A6-AEE0-366270D2C62A}"
EndProject
Project("{FAE04EC0-301F-11D3-BF4B-00C04F79EFBC}") = "09_DatabaseProject", "09_DatabaseProject\09_DatabaseProject.csproj", "{B765C8E8-75D5-4259-8238-81B3AA2E4A69}"
EndProject
Project("{FAE04EC0-301F-11D3-BF4B-00C04F79EFBC}") = "10_DatabaseCrud", "10_DatabaseCrud\10_DatabaseCrud.csproj", "{4B4BBE6E-B2F0-4899-A98C-C299DCDB4D81}"
EndProject
Global
	GlobalSection(SolutionConfigurationPlatforms) = preSolution
		Debug|Any CPU = Debug|Any CPU
		Release|Any CPU = Release|Any CPU
	EndGlobalSection
	GlobalSection(ProjectConfigurationPlatforms) = postSolution
		{2957C78D-B473-404D-B26C-626C3DF30582}.Debug|Any CPU.ActiveCfg = Debug|Any CPU
		{2957C78D-B473-404D-B26C-626C3DF30582}.Debug|Any CPU.Build.0 = Debug|Any CPU
		{2957C78D-B473-404D-B26C-626C3DF30582}.Release|Any CPU.ActiveCfg = Release|Any CPU
		{2957C78D-B473-404D-B26C-626C3DF30582}.Release|Any CPU.Build.0 = Release|Any CPU
		{A1860691-1E58-4409-AE76-C82C89AFF6F6}.Debug|Any CPU.ActiveCfg = Debug|Any CPU
		{A1860691-1E58-4409-AE76-C82C89AFF6F6}.Debug|Any CPU.Build.0 = Debug|Any CPU
		{A1860691-1E58-4409-AE76-C82C89AFF6F6}.Release|Any CPU.ActiveCfg = Release|Any CPU
		{A1860691-1E58-4409-AE76-C82C89AFF6F6}.Release|Any CPU.Build.0 = Release|Any CPU
		{9CB81D4D-A9E3-4FFB-A8AA-1D5A7897D6C8}.Debug|Any CPU.ActiveCfg = Debug|Any CPU
		{9CB81D4D-A9E3-4FFB-A8AA-1D5A7897D6C8}.Debug|Any CPU.Build.0 = Debug|Any CPU
		{9CB81D4D-A9E3-4FFB-A8AA-1D5A7897D6C8}.Release|Any CPU.ActiveCfg = Release|Any CPU
		{9CB81D4D-A9E3-4FFB-A8AA-1D5A7897D6C8}.Release|Any CPU.Build.0 = Release|Any CPU
		{07F426F4-788B-47DB-8AB5-43E75336C342}.Debug|Any CPU.ActiveCfg = Debug|Any CPU
		{07F426F4-788B-47DB-8AB5-43E75336C342}.Debug|Any CPU.Build.0 = Debug|Any CPU
		{07F426F4-788B-47DB-8AB5-43E75336C342}.Release|Any CPU.ActiveCfg = Release|Any CPU
		{07F426F4-788B-47DB-8AB5-43E75336C342}.Release|Any CPU.Build.0 = Release|Any CPU
		{1378800E-C613-4BAF-BD0C-3D0B4EB39CC8}.Debug|Any CPU.ActiveCfg = Debug|Any CPU
		{1378800E-C613-4BAF-BD0C-3D0B4EB39CC8}.Debug|Any CPU.Build.0 = Debug|Any CPU
		{1378800E-C613-4BAF-BD0C-3D0B4EB39CC8}.Release|Any CPU.ActiveCfg = Release|Any CPU
		{1378800E-C613-4BAF-BD0C-3D0B4EB39CC8}.Release|Any CPU.Build.0 = Release|Any CPU
		{CA945F06-5CBD-4358-BD45-71AEB5036053}.Debug|Any CPU.ActiveCfg = Debug|Any CPU
		{CA945F06-5CBD-4358-BD45-71AEB5036053}.Debug|Any CPU.Build.0 = Debug|Any CPU
		{CA945F06-5CBD-4358-BD45-71AEB5036053}.Release|Any CPU.ActiveCfg = Release|Any CPU
		{CA945F06-5CBD-4358-BD45-71AEB5036053}.Release|Any CPU.Build.0 = Release|Any CPU
		{64D756FB-E2D0-477B-A9FF-AA310D21C473}.Debug|Any CPU.ActiveCfg = Debug|Any CPU
		{64D756FB-E2D0-477B-A9FF-AA310D21C473}.Debug|Any CPU.Build.0 = Debug|Any CPU
		{64D756FB-E2D0-477B-A9FF-AA310D21C473}.Release|Any CPU.ActiveCfg = Release|Any CPU
		{64D756FB-E2D0-477B-A9FF-AA310D21C473}.Release|Any CPU.Build.0 = Release|Any CPU
		{A588B351-64BC-45A6-AEE0-366270D2C62A}.Debug|Any CPU.ActiveCfg = Debug|Any CPU
		{A588B351-64BC-45A6-AEE0-366270D2C62A}.Debug|Any CPU.Build.0 = Debug|Any CPU
		{A588B351-64BC-45A6-AEE0-366270D2C62A}.Release|Any CPU.ActiveCfg = Release|Any CPU
		{A588B351-64BC-45A6-AEE0-366270D2C62A}.Release|Any CPU.Build.0 = Release|Any CPU
		{B765C8E8-75D5-4259-8238-81B3AA2E4A69}.Debug|Any CPU.ActiveCfg = Debug|Any CPU
		{B765C8E8-75D5-4259-8238-81B3AA2E4A69}.Debug|Any CPU.Build.0 = Debug|Any CPU
		{B765C8E8-75D5-4259-8238-81B3AA2E4A69}.Release|Any CPU.ActiveCfg = Release|Any CPU
		{B765C8E8-75D5-4259-8238-81B3AA2E4A69}.Release|Any CPU.Build.0 = Release|Any CPU
		{4B4BBE6E-B2F0-4899-A98C-C299DCDB4D81}.Debug|Any CPU.ActiveCfg = Debug|Any CPU
		{4B4BBE6E-B2F0-4899-A98C-C299DCDB4D81}.Debug|Any CPU.Build.0 = Debug|Any CPU
		{4B4BBE6E-B2F0-4899-A98C-C299DCDB4D81}.Release|Any CPU.ActiveCfg = Release|Any CPU
		{4B4BBE6E-B2F0-4899-A98C-C299DCDB4D81}.Release|Any CPU.Build.0 = Release|Any CPU
	EndGlobalSection
	GlobalSection(SolutionProperties) = preSolution
		HideSolutionNode = FALSE
	EndGlobalSection
	GlobalSection(ExtensibilityGlobals) = postSolution
		SolutionGuid = {72E06A42-4473-496E-845F-D2098A8F465C}
	EndGlobalSection
EndGlobal
